// !$*UTF8*$!
{
	archiveVersion = 1;
	classes = {
	};
	objectVersion = 55;
	objects = {

/* Begin PBXBuildFile section */
		9A05A0C2276221B5006C7B99 /* UserModel.swift in Sources */ = {isa = PBXBuildFile; fileRef = 9A05A0C1276221B5006C7B99 /* UserModel.swift */; };
		9A05A0C427622285006C7B99 /* Extensions.swift in Sources */ = {isa = PBXBuildFile; fileRef = 9A05A0C327622285006C7B99 /* Extensions.swift */; };
		9A05A0C727622934006C7B99 /* AuthViewModel.swift in Sources */ = {isa = PBXBuildFile; fileRef = 9A05A0C627622934006C7B99 /* AuthViewModel.swift */; };
		9A05A0C927622C71006C7B99 /* StorageService.swift in Sources */ = {isa = PBXBuildFile; fileRef = 9A05A0C827622C71006C7B99 /* StorageService.swift */; };
		9A0C35AF276477DE00A8364C /* RecipesModel.swift in Sources */ = {isa = PBXBuildFile; fileRef = 9A0C35AE276477DE00A8364C /* RecipesModel.swift */; };
		9A0C35B127647EE100A8364C /* RecipesViewModel.swift in Sources */ = {isa = PBXBuildFile; fileRef = 9A0C35B027647EE100A8364C /* RecipesViewModel.swift */; };
		9A0C35B427648ACC00A8364C /* RecipesUploadView.swift in Sources */ = {isa = PBXBuildFile; fileRef = 9A0C35B327648ACC00A8364C /* RecipesUploadView.swift */; };
		9A0C35B6276493C500A8364C /* CustomPicker.swift in Sources */ = {isa = PBXBuildFile; fileRef = 9A0C35B5276493C500A8364C /* CustomPicker.swift */; };
		9A0C35B82764970700A8364C /* DynamicTextField.swift in Sources */ = {isa = PBXBuildFile; fileRef = 9A0C35B72764970700A8364C /* DynamicTextField.swift */; };
		9A0C35BA2764E51100A8364C /* RecipeSearchView.swift in Sources */ = {isa = PBXBuildFile; fileRef = 9A0C35B92764E51100A8364C /* RecipeSearchView.swift */; };
		9A0C35BC2764E53500A8364C /* HeartRecipesView.swift in Sources */ = {isa = PBXBuildFile; fileRef = 9A0C35BB2764E53500A8364C /* HeartRecipesView.swift */; };
		9A0C35BE2764E55D00A8364C /* MyRecipesView.swift in Sources */ = {isa = PBXBuildFile; fileRef = 9A0C35BD2764E55D00A8364C /* MyRecipesView.swift */; };
		9A0C35C02764E59400A8364C /* CoreIndicatorsView.swift in Sources */ = {isa = PBXBuildFile; fileRef = 9A0C35BF2764E59400A8364C /* CoreIndicatorsView.swift */; };
		9A0C35C22764E5B300A8364C /* QuestionView.swift in Sources */ = {isa = PBXBuildFile; fileRef = 9A0C35C12764E5B300A8364C /* QuestionView.swift */; };
		9A10A7202771BC8500BEAB22 /* ChatBubble.swift in Sources */ = {isa = PBXBuildFile; fileRef = 9A10A71F2771BC8500BEAB22 /* ChatBubble.swift */; };
		9A10A722277200E100BEAB22 /* ProfileView.swift in Sources */ = {isa = PBXBuildFile; fileRef = 9A10A721277200E100BEAB22 /* ProfileView.swift */; };
		9A1763452767753E008D344C /* CookImagePicker.swift in Sources */ = {isa = PBXBuildFile; fileRef = 9A1763442767753E008D344C /* CookImagePicker.swift */; };
		9A271C722761815200677292 /* YamyRecipesApp.swift in Sources */ = {isa = PBXBuildFile; fileRef = 9A271C712761815200677292 /* YamyRecipesApp.swift */; };
		9A271C742761815200677292 /* ContentView.swift in Sources */ = {isa = PBXBuildFile; fileRef = 9A271C732761815200677292 /* ContentView.swift */; };
		9A271C762761815400677292 /* Assets.xcassets in Resources */ = {isa = PBXBuildFile; fileRef = 9A271C752761815400677292 /* Assets.xcassets */; };
		9A271C792761815400677292 /* Preview Assets.xcassets in Resources */ = {isa = PBXBuildFile; fileRef = 9A271C782761815400677292 /* Preview Assets.xcassets */; };
		9A271C81276187B800677292 /* FormField.swift in Sources */ = {isa = PBXBuildFile; fileRef = 9A271C80276187B800677292 /* FormField.swift */; };
		9A271C8427618C0D00677292 /* SignInView.swift in Sources */ = {isa = PBXBuildFile; fileRef = 9A271C8327618C0D00677292 /* SignInView.swift */; };
		9A271C8627619DA100677292 /* ButtonModifier.swift in Sources */ = {isa = PBXBuildFile; fileRef = 9A271C8527619DA100677292 /* ButtonModifier.swift */; };
		9A271C882761ABFF00677292 /* SignUpView.swift in Sources */ = {isa = PBXBuildFile; fileRef = 9A271C872761ABFF00677292 /* SignUpView.swift */; };
		9A271C8B2761EDEF00677292 /* ImagePicker.swift in Sources */ = {isa = PBXBuildFile; fileRef = 9A271C8A2761EDEF00677292 /* ImagePicker.swift */; };
		9A271C8D276212E000677292 /* GoogleService-Info.plist in Resources */ = {isa = PBXBuildFile; fileRef = 9A271C8C276212E000677292 /* GoogleService-Info.plist */; };
		9A4B484727733BCD00F9FEAB /* EditRecipesView.swift in Sources */ = {isa = PBXBuildFile; fileRef = 9A4B484627733BCD00F9FEAB /* EditRecipesView.swift */; };
		9A7983A4276B365100EAA01E /* MsgModel.swift in Sources */ = {isa = PBXBuildFile; fileRef = 9A7983A3276B365100EAA01E /* MsgModel.swift */; };
		9A7B0ABD276B44D30082F0AA /* QuestionModel.swift in Sources */ = {isa = PBXBuildFile; fileRef = 9A7B0ABC276B44D30082F0AA /* QuestionModel.swift */; };
		9A7CDD6527631C9C0074AC38 /* SessionStore.swift in Sources */ = {isa = PBXBuildFile; fileRef = 9A7CDD6427631C9C0074AC38 /* SessionStore.swift */; };
		9A7CDD67276360E70074AC38 /* HomeView.swift in Sources */ = {isa = PBXBuildFile; fileRef = 9A7CDD66276360E60074AC38 /* HomeView.swift */; };
		9AE9A04E276DC8140075443D /* HeartRecipes.swift in Sources */ = {isa = PBXBuildFile; fileRef = 9AE9A04D276DC8140075443D /* HeartRecipes.swift */; };
		9AEC177A27706612003D6574 /* CoreImagePicker.swift in Sources */ = {isa = PBXBuildFile; fileRef = 9AEC177927706612003D6574 /* CoreImagePicker.swift */; };
		9AEC177C27709112003D6574 /* MobileNetV2.mlmodel in Sources */ = {isa = PBXBuildFile; fileRef = 9AEC177B27709112003D6574 /* MobileNetV2.mlmodel */; };
		9AEC177E27709144003D6574 /* Classifier.swift in Sources */ = {isa = PBXBuildFile; fileRef = 9AEC177D27709144003D6574 /* Classifier.swift */; };
		9AEC178027709823003D6574 /* ImageClassifier.swift in Sources */ = {isa = PBXBuildFile; fileRef = 9AEC177F27709823003D6574 /* ImageClassifier.swift */; };
		9AED62E3276466B800A5DEC1 /* ExtensionsView.swift in Sources */ = {isa = PBXBuildFile; fileRef = 9AED62E2276466B700A5DEC1 /* ExtensionsView.swift */; };
		B971F800A72B7BD7C0F6EE78 /* Pods_YamyRecipes.framework in Frameworks */ = {isa = PBXBuildFile; fileRef = A57FE9F428EDC3194D6DAD61 /* Pods_YamyRecipes.framework */; };
/* End PBXBuildFile section */

/* Begin PBXFileReference section */
		4F12E0A176405CFD9FC1C07E /* Pods-YamyRecipes.debug.xcconfig */ = {isa = PBXFileReference; includeInIndex = 1; lastKnownFileType = text.xcconfig; name = "Pods-YamyRecipes.debug.xcconfig"; path = "Target Support Files/Pods-YamyRecipes/Pods-YamyRecipes.debug.xcconfig"; sourceTree = "<group>"; };
		510F98CD2ED6D820A4D200F1 /* Pods-YamyRecipes.release.xcconfig */ = {isa = PBXFileReference; includeInIndex = 1; lastKnownFileType = text.xcconfig; name = "Pods-YamyRecipes.release.xcconfig"; path = "Target Support Files/Pods-YamyRecipes/Pods-YamyRecipes.release.xcconfig"; sourceTree = "<group>"; };
		9A05A0C1276221B5006C7B99 /* UserModel.swift */ = {isa = PBXFileReference; lastKnownFileType = sourcecode.swift; path = UserModel.swift; sourceTree = "<group>"; };
		9A05A0C327622285006C7B99 /* Extensions.swift */ = {isa = PBXFileReference; lastKnownFileType = sourcecode.swift; path = Extensions.swift; sourceTree = "<group>"; };
		9A05A0C627622934006C7B99 /* AuthViewModel.swift */ = {isa = PBXFileReference; lastKnownFileType = sourcecode.swift; path = AuthViewModel.swift; sourceTree = "<group>"; };
		9A05A0C827622C71006C7B99 /* StorageService.swift */ = {isa = PBXFileReference; lastKnownFileType = sourcecode.swift; path = StorageService.swift; sourceTree = "<group>"; };
		9A0C35AE276477DE00A8364C /* RecipesModel.swift */ = {isa = PBXFileReference; lastKnownFileType = sourcecode.swift; path = RecipesModel.swift; sourceTree = "<group>"; };
		9A0C35B027647EE100A8364C /* RecipesViewModel.swift */ = {isa = PBXFileReference; lastKnownFileType = sourcecode.swift; path = RecipesViewModel.swift; sourceTree = "<group>"; };
		9A0C35B327648ACC00A8364C /* RecipesUploadView.swift */ = {isa = PBXFileReference; lastKnownFileType = sourcecode.swift; path = RecipesUploadView.swift; sourceTree = "<group>"; };
		9A0C35B5276493C500A8364C /* CustomPicker.swift */ = {isa = PBXFileReference; lastKnownFileType = sourcecode.swift; path = CustomPicker.swift; sourceTree = "<group>"; };
		9A0C35B72764970700A8364C /* DynamicTextField.swift */ = {isa = PBXFileReference; lastKnownFileType = sourcecode.swift; path = DynamicTextField.swift; sourceTree = "<group>"; };
		9A0C35B92764E51100A8364C /* RecipeSearchView.swift */ = {isa = PBXFileReference; lastKnownFileType = sourcecode.swift; path = RecipeSearchView.swift; sourceTree = "<group>"; };
		9A0C35BB2764E53500A8364C /* HeartRecipesView.swift */ = {isa = PBXFileReference; lastKnownFileType = sourcecode.swift; path = HeartRecipesView.swift; sourceTree = "<group>"; };
		9A0C35BD2764E55D00A8364C /* MyRecipesView.swift */ = {isa = PBXFileReference; lastKnownFileType = sourcecode.swift; path = MyRecipesView.swift; sourceTree = "<group>"; };
		9A0C35BF2764E59400A8364C /* CoreIndicatorsView.swift */ = {isa = PBXFileReference; lastKnownFileType = sourcecode.swift; path = CoreIndicatorsView.swift; sourceTree = "<group>"; };
		9A0C35C12764E5B300A8364C /* QuestionView.swift */ = {isa = PBXFileReference; lastKnownFileType = sourcecode.swift; path = QuestionView.swift; sourceTree = "<group>"; };
		9A10A71F2771BC8500BEAB22 /* ChatBubble.swift */ = {isa = PBXFileReference; lastKnownFileType = sourcecode.swift; path = ChatBubble.swift; sourceTree = "<group>"; };
		9A10A721277200E100BEAB22 /* ProfileView.swift */ = {isa = PBXFileReference; lastKnownFileType = sourcecode.swift; path = ProfileView.swift; sourceTree = "<group>"; };
		9A1763442767753E008D344C /* CookImagePicker.swift */ = {isa = PBXFileReference; lastKnownFileType = sourcecode.swift; path = CookImagePicker.swift; sourceTree = "<group>"; };
		9A271C6E2761815200677292 /* YamyRecipes.app */ = {isa = PBXFileReference; explicitFileType = wrapper.application; includeInIndex = 0; path = YamyRecipes.app; sourceTree = BUILT_PRODUCTS_DIR; };
		9A271C712761815200677292 /* YamyRecipesApp.swift */ = {isa = PBXFileReference; lastKnownFileType = sourcecode.swift; path = YamyRecipesApp.swift; sourceTree = "<group>"; };
		9A271C732761815200677292 /* ContentView.swift */ = {isa = PBXFileReference; lastKnownFileType = sourcecode.swift; path = ContentView.swift; sourceTree = "<group>"; };
		9A271C752761815400677292 /* Assets.xcassets */ = {isa = PBXFileReference; lastKnownFileType = folder.assetcatalog; path = Assets.xcassets; sourceTree = "<group>"; };
		9A271C782761815400677292 /* Preview Assets.xcassets */ = {isa = PBXFileReference; lastKnownFileType = folder.assetcatalog; path = "Preview Assets.xcassets"; sourceTree = "<group>"; };
		9A271C80276187B800677292 /* FormField.swift */ = {isa = PBXFileReference; lastKnownFileType = sourcecode.swift; path = FormField.swift; sourceTree = "<group>"; };
		9A271C8327618C0D00677292 /* SignInView.swift */ = {isa = PBXFileReference; lastKnownFileType = sourcecode.swift; path = SignInView.swift; sourceTree = "<group>"; };
		9A271C8527619DA100677292 /* ButtonModifier.swift */ = {isa = PBXFileReference; lastKnownFileType = sourcecode.swift; path = ButtonModifier.swift; sourceTree = "<group>"; };
		9A271C872761ABFF00677292 /* SignUpView.swift */ = {isa = PBXFileReference; lastKnownFileType = sourcecode.swift; path = SignUpView.swift; sourceTree = "<group>"; };
		9A271C8A2761EDEF00677292 /* ImagePicker.swift */ = {isa = PBXFileReference; lastKnownFileType = sourcecode.swift; path = ImagePicker.swift; sourceTree = "<group>"; };
		9A271C8C276212E000677292 /* GoogleService-Info.plist */ = {isa = PBXFileReference; fileEncoding = 4; lastKnownFileType = text.plist.xml; path = "GoogleService-Info.plist"; sourceTree = "<group>"; };
		9A4B484627733BCD00F9FEAB /* EditRecipesView.swift */ = {isa = PBXFileReference; lastKnownFileType = sourcecode.swift; path = EditRecipesView.swift; sourceTree = "<group>"; };
		9A7983A3276B365100EAA01E /* MsgModel.swift */ = {isa = PBXFileReference; lastKnownFileType = sourcecode.swift; path = MsgModel.swift; sourceTree = "<group>"; };
		9A7B0ABC276B44D30082F0AA /* QuestionModel.swift */ = {isa = PBXFileReference; lastKnownFileType = sourcecode.swift; path = QuestionModel.swift; sourceTree = "<group>"; };
		9A7CDD6427631C9C0074AC38 /* SessionStore.swift */ = {isa = PBXFileReference; lastKnownFileType = sourcecode.swift; path = SessionStore.swift; sourceTree = "<group>"; };
		9A7CDD66276360E60074AC38 /* HomeView.swift */ = {isa = PBXFileReference; lastKnownFileType = sourcecode.swift; path = HomeView.swift; sourceTree = "<group>"; };
		9AE9A04D276DC8140075443D /* HeartRecipes.swift */ = {isa = PBXFileReference; lastKnownFileType = sourcecode.swift; path = HeartRecipes.swift; sourceTree = "<group>"; };
		9AEC177927706612003D6574 /* CoreImagePicker.swift */ = {isa = PBXFileReference; lastKnownFileType = sourcecode.swift; path = CoreImagePicker.swift; sourceTree = "<group>"; };
		9AEC177B27709112003D6574 /* MobileNetV2.mlmodel */ = {isa = PBXFileReference; lastKnownFileType = file.mlmodel; path = MobileNetV2.mlmodel; sourceTree = "<group>"; };
		9AEC177D27709144003D6574 /* Classifier.swift */ = {isa = PBXFileReference; lastKnownFileType = sourcecode.swift; path = Classifier.swift; sourceTree = "<group>"; };
		9AEC177F27709823003D6574 /* ImageClassifier.swift */ = {isa = PBXFileReference; lastKnownFileType = sourcecode.swift; path = ImageClassifier.swift; sourceTree = "<group>"; };
		9AEC17812770A228003D6574 /* Info.plist */ = {isa = PBXFileReference; lastKnownFileType = text.plist; path = Info.plist; sourceTree = "<group>"; };
		9AED62E2276466B700A5DEC1 /* ExtensionsView.swift */ = {isa = PBXFileReference; lastKnownFileType = sourcecode.swift; path = ExtensionsView.swift; sourceTree = "<group>"; };
		A57FE9F428EDC3194D6DAD61 /* Pods_YamyRecipes.framework */ = {isa = PBXFileReference; explicitFileType = wrapper.framework; includeInIndex = 0; path = Pods_YamyRecipes.framework; sourceTree = BUILT_PRODUCTS_DIR; };
/* End PBXFileReference section */

/* Begin PBXFrameworksBuildPhase section */
		9A271C6B2761815200677292 /* Frameworks */ = {
			isa = PBXFrameworksBuildPhase;
			buildActionMask = 2147483647;
			files = (
				B971F800A72B7BD7C0F6EE78 /* Pods_YamyRecipes.framework in Frameworks */,
			);
			runOnlyForDeploymentPostprocessing = 0;
		};
/* End PBXFrameworksBuildPhase section */

/* Begin PBXGroup section */
		2E7AD4BD32070CD722E88704 /* Frameworks */ = {
			isa = PBXGroup;
			children = (
				A57FE9F428EDC3194D6DAD61 /* Pods_YamyRecipes.framework */,
			);
			name = Frameworks;
			sourceTree = "<group>";
		};
		9A05A0C027622197006C7B99 /* Models */ = {
			isa = PBXGroup;
			children = (
				9AEC177B27709112003D6574 /* MobileNetV2.mlmodel */,
				9A05A0C1276221B5006C7B99 /* UserModel.swift */,
				9A0C35AE276477DE00A8364C /* RecipesModel.swift */,
				9A7983A3276B365100EAA01E /* MsgModel.swift */,
				9A7B0ABC276B44D30082F0AA /* QuestionModel.swift */,
				9AE9A04D276DC8140075443D /* HeartRecipes.swift */,
				9AEC177D27709144003D6574 /* Classifier.swift */,
			);
			path = Models;
			sourceTree = "<group>";
		};
		9A05A0C527622917006C7B99 /* ViewModels */ = {
			isa = PBXGroup;
			children = (
				9A05A0C627622934006C7B99 /* AuthViewModel.swift */,
				9A05A0C827622C71006C7B99 /* StorageService.swift */,
				9A7CDD6427631C9C0074AC38 /* SessionStore.swift */,
				9A0C35B027647EE100A8364C /* RecipesViewModel.swift */,
				9AEC177F27709823003D6574 /* ImageClassifier.swift */,
			);
			path = ViewModels;
			sourceTree = "<group>";
		};
		9A0C35B227648AA500A8364C /* ImageSelectView */ = {
			isa = PBXGroup;
			children = (
				9A0C35B327648ACC00A8364C /* RecipesUploadView.swift */,
				9A0C35B92764E51100A8364C /* RecipeSearchView.swift */,
				9A0C35BB2764E53500A8364C /* HeartRecipesView.swift */,
				9A0C35BD2764E55D00A8364C /* MyRecipesView.swift */,
				9A0C35BF2764E59400A8364C /* CoreIndicatorsView.swift */,
				9A0C35C12764E5B300A8364C /* QuestionView.swift */,
			);
			path = ImageSelectView;
			sourceTree = "<group>";
		};
		9A271C652761815200677292 = {
			isa = PBXGroup;
			children = (
				9A271C702761815200677292 /* YamyRecipes */,
				9A271C6F2761815200677292 /* Products */,
				E72C360B4B51FA0FD6F1A84F /* Pods */,
				2E7AD4BD32070CD722E88704 /* Frameworks */,
			);
			sourceTree = "<group>";
		};
		9A271C6F2761815200677292 /* Products */ = {
			isa = PBXGroup;
			children = (
				9A271C6E2761815200677292 /* YamyRecipes.app */,
			);
			name = Products;
			sourceTree = "<group>";
		};
		9A271C702761815200677292 /* YamyRecipes */ = {
			isa = PBXGroup;
			children = (
				9AEC17812770A228003D6574 /* Info.plist */,
				9A05A0C527622917006C7B99 /* ViewModels */,
				9A05A0C027622197006C7B99 /* Models */,
				9A271C892761EDD800677292 /* Utils */,
				9A271C8227618BF000677292 /* Views */,
				9A271C7F2761873E00677292 /* Component */,
				9A271C712761815200677292 /* YamyRecipesApp.swift */,
				9A271C732761815200677292 /* ContentView.swift */,
				9A271C752761815400677292 /* Assets.xcassets */,
				9A271C8C276212E000677292 /* GoogleService-Info.plist */,
				9A271C772761815400677292 /* Preview Content */,
			);
			path = YamyRecipes;
			sourceTree = "<group>";
		};
		9A271C772761815400677292 /* Preview Content */ = {
			isa = PBXGroup;
			children = (
				9A271C782761815400677292 /* Preview Assets.xcassets */,
			);
			path = "Preview Content";
			sourceTree = "<group>";
		};
		9A271C7F2761873E00677292 /* Component */ = {
			isa = PBXGroup;
			children = (
				9A271C80276187B800677292 /* FormField.swift */,
				9A271C8527619DA100677292 /* ButtonModifier.swift */,
				9A0C35B5276493C500A8364C /* CustomPicker.swift */,
				9A0C35B72764970700A8364C /* DynamicTextField.swift */,
				9A10A71F2771BC8500BEAB22 /* ChatBubble.swift */,
			);
			path = Component;
			sourceTree = "<group>";
		};
		9A271C8227618BF000677292 /* Views */ = {
			isa = PBXGroup;
			children = (
				9A0C35B227648AA500A8364C /* ImageSelectView */,
				9A271C8327618C0D00677292 /* SignInView.swift */,
				9A10A721277200E100BEAB22 /* ProfileView.swift */,
				9A271C872761ABFF00677292 /* SignUpView.swift */,
				9A7CDD66276360E60074AC38 /* HomeView.swift */,
				9A4B484627733BCD00F9FEAB /* EditRecipesView.swift */,
			);
			path = Views;
			sourceTree = "<group>";
		};
		9A271C892761EDD800677292 /* Utils */ = {
			isa = PBXGroup;
			children = (
				9A271C8A2761EDEF00677292 /* ImagePicker.swift */,
				9A05A0C327622285006C7B99 /* Extensions.swift */,
				9AED62E2276466B700A5DEC1 /* ExtensionsView.swift */,
				9A1763442767753E008D344C /* CookImagePicker.swift */,
				9AEC177927706612003D6574 /* CoreImagePicker.swift */,
			);
			path = Utils;
			sourceTree = "<group>";
		};
		E72C360B4B51FA0FD6F1A84F /* Pods */ = {
			isa = PBXGroup;
			children = (
				4F12E0A176405CFD9FC1C07E /* Pods-YamyRecipes.debug.xcconfig */,
				510F98CD2ED6D820A4D200F1 /* Pods-YamyRecipes.release.xcconfig */,
			);
			path = Pods;
			sourceTree = "<group>";
		};
/* End PBXGroup section */

/* Begin PBXNativeTarget section */
		9A271C6D2761815200677292 /* YamyRecipes */ = {
			isa = PBXNativeTarget;
			buildConfigurationList = 9A271C7C2761815400677292 /* Build configuration list for PBXNativeTarget "YamyRecipes" */;
			buildPhases = (
				C3AE2C206EED77548535E6EF /* [CP] Check Pods Manifest.lock */,
				9A271C6A2761815200677292 /* Sources */,
				9A271C6B2761815200677292 /* Frameworks */,
				9A271C6C2761815200677292 /* Resources */,
				1148CE355DC9CBC5EFDCDA4C /* [CP] Embed Pods Frameworks */,
			);
			buildRules = (
			);
			dependencies = (
			);
			name = YamyRecipes;
			productName = YamyRecipes;
			productReference = 9A271C6E2761815200677292 /* YamyRecipes.app */;
			productType = "com.apple.product-type.application";
		};
/* End PBXNativeTarget section */

/* Begin PBXProject section */
		9A271C662761815200677292 /* Project object */ = {
			isa = PBXProject;
			attributes = {
				BuildIndependentTargetsInParallel = 1;
				LastSwiftUpdateCheck = 1300;
				LastUpgradeCheck = 1300;
				TargetAttributes = {
					9A271C6D2761815200677292 = {
						CreatedOnToolsVersion = 13.0;
					};
				};
			};
			buildConfigurationList = 9A271C692761815200677292 /* Build configuration list for PBXProject "YamyRecipes" */;
			compatibilityVersion = "Xcode 13.0";
			developmentRegion = en;
			hasScannedForEncodings = 0;
			knownRegions = (
				en,
				Base,
			);
			mainGroup = 9A271C652761815200677292;
			productRefGroup = 9A271C6F2761815200677292 /* Products */;
			projectDirPath = "";
			projectRoot = "";
			targets = (
				9A271C6D2761815200677292 /* YamyRecipes */,
			);
		};
/* End PBXProject section */

/* Begin PBXResourcesBuildPhase section */
		9A271C6C2761815200677292 /* Resources */ = {
			isa = PBXResourcesBuildPhase;
			buildActionMask = 2147483647;
			files = (
				9A271C792761815400677292 /* Preview Assets.xcassets in Resources */,
				9A271C762761815400677292 /* Assets.xcassets in Resources */,
				9A271C8D276212E000677292 /* GoogleService-Info.plist in Resources */,
			);
			runOnlyForDeploymentPostprocessing = 0;
		};
/* End PBXResourcesBuildPhase section */

/* Begin PBXShellScriptBuildPhase section */
		1148CE355DC9CBC5EFDCDA4C /* [CP] Embed Pods Frameworks */ = {
			isa = PBXShellScriptBuildPhase;
			buildActionMask = 2147483647;
			files = (
			);
			inputFileListPaths = (
				"${PODS_ROOT}/Target Support Files/Pods-YamyRecipes/Pods-YamyRecipes-frameworks-${CONFIGURATION}-input-files.xcfilelist",
			);
			name = "[CP] Embed Pods Frameworks";
			outputFileListPaths = (
				"${PODS_ROOT}/Target Support Files/Pods-YamyRecipes/Pods-YamyRecipes-frameworks-${CONFIGURATION}-output-files.xcfilelist",
			);
			runOnlyForDeploymentPostprocessing = 0;
			shellPath = /bin/sh;
			shellScript = "\"${PODS_ROOT}/Target Support Files/Pods-YamyRecipes/Pods-YamyRecipes-frameworks.sh\"\n";
			showEnvVarsInLog = 0;
		};
		C3AE2C206EED77548535E6EF /* [CP] Check Pods Manifest.lock */ = {
			isa = PBXShellScriptBuildPhase;
			buildActionMask = 2147483647;
			files = (
			);
			inputFileListPaths = (
			);
			inputPaths = (
				"${PODS_PODFILE_DIR_PATH}/Podfile.lock",
				"${PODS_ROOT}/Manifest.lock",
			);
			name = "[CP] Check Pods Manifest.lock";
			outputFileListPaths = (
			);
			outputPaths = (
				"$(DERIVED_FILE_DIR)/Pods-YamyRecipes-checkManifestLockResult.txt",
			);
			runOnlyForDeploymentPostprocessing = 0;
			shellPath = /bin/sh;
			shellScript = "diff \"${PODS_PODFILE_DIR_PATH}/Podfile.lock\" \"${PODS_ROOT}/Manifest.lock\" > /dev/null\nif [ $? != 0 ] ; then\n    # print error to STDERR\n    echo \"error: The sandbox is not in sync with the Podfile.lock. Run 'pod install' or update your CocoaPods installation.\" >&2\n    exit 1\nfi\n# This output is used by Xcode 'outputs' to avoid re-running this script phase.\necho \"SUCCESS\" > \"${SCRIPT_OUTPUT_FILE_0}\"\n";
			showEnvVarsInLog = 0;
		};
/* End PBXShellScriptBuildPhase section */

/* Begin PBXSourcesBuildPhase section */
		9A271C6A2761815200677292 /* Sources */ = {
			isa = PBXSourcesBuildPhase;
			buildActionMask = 2147483647;
			files = (
				9A05A0C727622934006C7B99 /* AuthViewModel.swift in Sources */,
				9A271C81276187B800677292 /* FormField.swift in Sources */,
				9AEC177A27706612003D6574 /* CoreImagePicker.swift in Sources */,
				9A0C35BC2764E53500A8364C /* HeartRecipesView.swift in Sources */,
				9A10A7202771BC8500BEAB22 /* ChatBubble.swift in Sources */,
				9A0C35B427648ACC00A8364C /* RecipesUploadView.swift in Sources */,
				9A7CDD67276360E70074AC38 /* HomeView.swift in Sources */,
				9A7CDD6527631C9C0074AC38 /* SessionStore.swift in Sources */,
				9A0C35B82764970700A8364C /* DynamicTextField.swift in Sources */,
				9A7983A4276B365100EAA01E /* MsgModel.swift in Sources */,
				9A05A0C427622285006C7B99 /* Extensions.swift in Sources */,
				9A271C742761815200677292 /* ContentView.swift in Sources */,
				9AEC177E27709144003D6574 /* Classifier.swift in Sources */,
				9AED62E3276466B800A5DEC1 /* ExtensionsView.swift in Sources */,
				9A0C35B6276493C500A8364C /* CustomPicker.swift in Sources */,
				9A4B484727733BCD00F9FEAB /* EditRecipesView.swift in Sources */,
				9A0C35AF276477DE00A8364C /* RecipesModel.swift in Sources */,
				9A0C35B127647EE100A8364C /* RecipesViewModel.swift in Sources */,
				9A05A0C2276221B5006C7B99 /* UserModel.swift in Sources */,
				9A271C8427618C0D00677292 /* SignInView.swift in Sources */,
				9AE9A04E276DC8140075443D /* HeartRecipes.swift in Sources */,
				9AEC177C27709112003D6574 /* MobileNetV2.mlmodel in Sources */,
				9A0C35BA2764E51100A8364C /* RecipeSearchView.swift in Sources */,
				9A0C35C22764E5B300A8364C /* QuestionView.swift in Sources */,
				9A271C8B2761EDEF00677292 /* ImagePicker.swift in Sources */,
				9A0C35C02764E59400A8364C /* CoreIndicatorsView.swift in Sources */,
				9AEC178027709823003D6574 /* ImageClassifier.swift in Sources */,
				9A10A722277200E100BEAB22 /* ProfileView.swift in Sources */,
				9A0C35BE2764E55D00A8364C /* MyRecipesView.swift in Sources */,
				9A271C722761815200677292 /* YamyRecipesApp.swift in Sources */,
				9A271C882761ABFF00677292 /* SignUpView.swift in Sources */,
				9A05A0C927622C71006C7B99 /* StorageService.swift in Sources */,
				9A7B0ABD276B44D30082F0AA /* QuestionModel.swift in Sources */,
				9A1763452767753E008D344C /* CookImagePicker.swift in Sources */,
				9A271C8627619DA100677292 /* ButtonModifier.swift in Sources */,
			);
			runOnlyForDeploymentPostprocessing = 0;
		};
/* End PBXSourcesBuildPhase section */

/* Begin XCBuildConfiguration section */
		9A271C7A2761815400677292 /* Debug */ = {
			isa = XCBuildConfiguration;
			buildSettings = {
				ALWAYS_SEARCH_USER_PATHS = NO;
				CLANG_ANALYZER_NONNULL = YES;
				CLANG_ANALYZER_NUMBER_OBJECT_CONVERSION = YES_AGGRESSIVE;
				CLANG_CXX_LANGUAGE_STANDARD = "gnu++17";
				CLANG_CXX_LIBRARY = "libc++";
				CLANG_ENABLE_MODULES = YES;
				CLANG_ENABLE_OBJC_ARC = YES;
				CLANG_ENABLE_OBJC_WEAK = YES;
				CLANG_WARN_BLOCK_CAPTURE_AUTORELEASING = YES;
				CLANG_WARN_BOOL_CONVERSION = YES;
				CLANG_WARN_COMMA = YES;
				CLANG_WARN_CONSTANT_CONVERSION = YES;
				CLANG_WARN_DEPRECATED_OBJC_IMPLEMENTATIONS = YES;
				CLANG_WARN_DIRECT_OBJC_ISA_USAGE = YES_ERROR;
				CLANG_WARN_DOCUMENTATION_COMMENTS = YES;
				CLANG_WARN_EMPTY_BODY = YES;
				CLANG_WARN_ENUM_CONVERSION = YES;
				CLANG_WARN_INFINITE_RECURSION = YES;
				CLANG_WARN_INT_CONVERSION = YES;
				CLANG_WARN_NON_LITERAL_NULL_CONVERSION = YES;
				CLANG_WARN_OBJC_IMPLICIT_RETAIN_SELF = YES;
				CLANG_WARN_OBJC_LITERAL_CONVERSION = YES;
				CLANG_WARN_OBJC_ROOT_CLASS = YES_ERROR;
				CLANG_WARN_QUOTED_INCLUDE_IN_FRAMEWORK_HEADER = YES;
				CLANG_WARN_RANGE_LOOP_ANALYSIS = YES;
				CLANG_WARN_STRICT_PROTOTYPES = YES;
				CLANG_WARN_SUSPICIOUS_MOVE = YES;
				CLANG_WARN_UNGUARDED_AVAILABILITY = YES_AGGRESSIVE;
				CLANG_WARN_UNREACHABLE_CODE = YES;
				CLANG_WARN__DUPLICATE_METHOD_MATCH = YES;
				COPY_PHASE_STRIP = NO;
				DEBUG_INFORMATION_FORMAT = dwarf;
				ENABLE_STRICT_OBJC_MSGSEND = YES;
				ENABLE_TESTABILITY = YES;
				GCC_C_LANGUAGE_STANDARD = gnu11;
				GCC_DYNAMIC_NO_PIC = NO;
				GCC_NO_COMMON_BLOCKS = YES;
				GCC_OPTIMIZATION_LEVEL = 0;
				GCC_PREPROCESSOR_DEFINITIONS = (
					"DEBUG=1",
					"$(inherited)",
				);
				GCC_WARN_64_TO_32_BIT_CONVERSION = YES;
				GCC_WARN_ABOUT_RETURN_TYPE = YES_ERROR;
				GCC_WARN_UNDECLARED_SELECTOR = YES;
				GCC_WARN_UNINITIALIZED_AUTOS = YES_AGGRESSIVE;
				GCC_WARN_UNUSED_FUNCTION = YES;
				GCC_WARN_UNUSED_VARIABLE = YES;
				IPHONEOS_DEPLOYMENT_TARGET = 15.0;
				MTL_ENABLE_DEBUG_INFO = INCLUDE_SOURCE;
				MTL_FAST_MATH = YES;
				ONLY_ACTIVE_ARCH = YES;
				SDKROOT = iphoneos;
				SWIFT_ACTIVE_COMPILATION_CONDITIONS = DEBUG;
				SWIFT_OPTIMIZATION_LEVEL = "-Onone";
			};
			name = Debug;
		};
		9A271C7B2761815400677292 /* Release */ = {
			isa = XCBuildConfiguration;
			buildSettings = {
				ALWAYS_SEARCH_USER_PATHS = NO;
				CLANG_ANALYZER_NONNULL = YES;
				CLANG_ANALYZER_NUMBER_OBJECT_CONVERSION = YES_AGGRESSIVE;
				CLANG_CXX_LANGUAGE_STANDARD = "gnu++17";
				CLANG_CXX_LIBRARY = "libc++";
				CLANG_ENABLE_MODULES = YES;
				CLANG_ENABLE_OBJC_ARC = YES;
				CLANG_ENABLE_OBJC_WEAK = YES;
				CLANG_WARN_BLOCK_CAPTURE_AUTORELEASING = YES;
				CLANG_WARN_BOOL_CONVERSION = YES;
				CLANG_WARN_COMMA = YES;
				CLANG_WARN_CONSTANT_CONVERSION = YES;
				CLANG_WARN_DEPRECATED_OBJC_IMPLEMENTATIONS = YES;
				CLANG_WARN_DIRECT_OBJC_ISA_USAGE = YES_ERROR;
				CLANG_WARN_DOCUMENTATION_COMMENTS = YES;
				CLANG_WARN_EMPTY_BODY = YES;
				CLANG_WARN_ENUM_CONVERSION = YES;
				CLANG_WARN_INFINITE_RECURSION = YES;
				CLANG_WARN_INT_CONVERSION = YES;
				CLANG_WARN_NON_LITERAL_NULL_CONVERSION = YES;
				CLANG_WARN_OBJC_IMPLICIT_RETAIN_SELF = YES;
				CLANG_WARN_OBJC_LITERAL_CONVERSION = YES;
				CLANG_WARN_OBJC_ROOT_CLASS = YES_ERROR;
				CLANG_WARN_QUOTED_INCLUDE_IN_FRAMEWORK_HEADER = YES;
				CLANG_WARN_RANGE_LOOP_ANALYSIS = YES;
				CLANG_WARN_STRICT_PROTOTYPES = YES;
				CLANG_WARN_SUSPICIOUS_MOVE = YES;
				CLANG_WARN_UNGUARDED_AVAILABILITY = YES_AGGRESSIVE;
				CLANG_WARN_UNREACHABLE_CODE = YES;
				CLANG_WARN__DUPLICATE_METHOD_MATCH = YES;
				COPY_PHASE_STRIP = NO;
				DEBUG_INFORMATION_FORMAT = "dwarf-with-dsym";
				ENABLE_NS_ASSERTIONS = NO;
				ENABLE_STRICT_OBJC_MSGSEND = YES;
				GCC_C_LANGUAGE_STANDARD = gnu11;
				GCC_NO_COMMON_BLOCKS = YES;
				GCC_WARN_64_TO_32_BIT_CONVERSION = YES;
				GCC_WARN_ABOUT_RETURN_TYPE = YES_ERROR;
				GCC_WARN_UNDECLARED_SELECTOR = YES;
				GCC_WARN_UNINITIALIZED_AUTOS = YES_AGGRESSIVE;
				GCC_WARN_UNUSED_FUNCTION = YES;
				GCC_WARN_UNUSED_VARIABLE = YES;
				IPHONEOS_DEPLOYMENT_TARGET = 15.0;
				MTL_ENABLE_DEBUG_INFO = NO;
				MTL_FAST_MATH = YES;
				SDKROOT = iphoneos;
				SWIFT_COMPILATION_MODE = wholemodule;
				SWIFT_OPTIMIZATION_LEVEL = "-O";
				VALIDATE_PRODUCT = YES;
			};
			name = Release;
		};
		9A271C7D2761815400677292 /* Debug */ = {
			isa = XCBuildConfiguration;
			baseConfigurationReference = 4F12E0A176405CFD9FC1C07E /* Pods-YamyRecipes.debug.xcconfig */;
			buildSettings = {
				ASSETCATALOG_COMPILER_APPICON_NAME = AppIcon;
				ASSETCATALOG_COMPILER_GLOBAL_ACCENT_COLOR_NAME = AccentColor;
				CODE_SIGN_STYLE = Automatic;
				CURRENT_PROJECT_VERSION = 1;
				DEVELOPMENT_ASSET_PATHS = "\"YamyRecipes/Preview Content\"";
				ENABLE_PREVIEWS = YES;
				GENERATE_INFOPLIST_FILE = YES;
				INFOPLIST_FILE = YamyRecipes/Info.plist;
				INFOPLIST_KEY_NSCameraUsageDescription = "이 앱의 재료 탐색 기능을 사용하기 위해서 카메라 사용을 허용해야합니다. ";
				INFOPLIST_KEY_UIApplicationSceneManifest_Generation = YES;
				INFOPLIST_KEY_UIApplicationSupportsIndirectInputEvents = YES;
				INFOPLIST_KEY_UILaunchScreen_Generation = YES;
				INFOPLIST_KEY_UISupportedInterfaceOrientations_iPad = "UIInterfaceOrientationPortrait UIInterfaceOrientationPortraitUpsideDown UIInterfaceOrientationLandscapeLeft UIInterfaceOrientationLandscapeRight";
				INFOPLIST_KEY_UISupportedInterfaceOrientations_iPhone = "UIInterfaceOrientationPortrait UIInterfaceOrientationLandscapeLeft UIInterfaceOrientationLandscapeRight";
				IPHONEOS_DEPLOYMENT_TARGET = 14.0;
				LD_RUNPATH_SEARCH_PATHS = (
					"$(inherited)",
					"@executable_path/Frameworks",
				);
				MARKETING_VERSION = 1.0;
				PRODUCT_BUNDLE_IDENTIFIER = haju.project.YamyRecipes;
				PRODUCT_NAME = "$(TARGET_NAME)";
				SWIFT_EMIT_LOC_STRINGS = YES;
				SWIFT_VERSION = 5.0;
				TARGETED_DEVICE_FAMILY = "1,2";
			};
			name = Debug;
		};
		9A271C7E2761815400677292 /* Release */ = {
			isa = XCBuildConfiguration;
			baseConfigurationReference = 510F98CD2ED6D820A4D200F1 /* Pods-YamyRecipes.release.xcconfig */;
			buildSettings = {
				ASSETCATALOG_COMPILER_APPICON_NAME = AppIcon;
				ASSETCATALOG_COMPILER_GLOBAL_ACCENT_COLOR_NAME = AccentColor;
				CODE_SIGN_STYLE = Automatic;
				CURRENT_PROJECT_VERSION = 1;
				DEVELOPMENT_ASSET_PATHS = "\"YamyRecipes/Preview Content\"";
				ENABLE_PREVIEWS = YES;
				GENERATE_INFOPLIST_FILE = YES;
				INFOPLIST_FILE = YamyRecipes/Info.plist;
				INFOPLIST_KEY_NSCameraUsageDescription = "이 앱의 재료 탐색 기능을 사용하기 위해서 카메라 사용을 허용해야합니다. ";
				INFOPLIST_KEY_UIApplicationSceneManifest_Generation = YES;
				INFOPLIST_KEY_UIApplicationSupportsIndirectInputEvents = YES;
				INFOPLIST_KEY_UILaunchScreen_Generation = YES;
				INFOPLIST_KEY_UISupportedInterfaceOrientations_iPad = "UIInterfaceOrientationPortrait UIInterfaceOrientationPortraitUpsideDown UIInterfaceOrientationLandscapeLeft UIInterfaceOrientationLandscapeRight";
				INFOPLIST_KEY_UISupportedInterfaceOrientations_iPhone = "UIInterfaceOrientationPortrait UIInterfaceOrientationLandscapeLeft UIInterfaceOrientationLandscapeRight";
				IPHONEOS_DEPLOYMENT_TARGET = 14.0;
				LD_RUNPATH_SEARCH_PATHS = (
					"$(inherited)",
					"@executable_path/Frameworks",
				);
				MARKETING_VERSION = 1.0;
				PRODUCT_BUNDLE_IDENTIFIER = haju.project.YamyRecipes;
				PRODUCT_NAME = "$(TARGET_NAME)";
				SWIFT_EMIT_LOC_STRINGS = YES;
				SWIFT_VERSION = 5.0;
				TARGETED_DEVICE_FAMILY = "1,2";
			};
			name = Release;
		};
/* End XCBuildConfiguration section */

/* Begin XCConfigurationList section */
		9A271C692761815200677292 /* Build configuration list for PBXProject "YamyRecipes" */ = {
			isa = XCConfigurationList;
			buildConfigurations = (
				9A271C7A2761815400677292 /* Debug */,
				9A271C7B2761815400677292 /* Release */,
			);
			defaultConfigurationIsVisible = 0;
			defaultConfigurationName = Release;
		};
		9A271C7C2761815400677292 /* Build configuration list for PBXNativeTarget "YamyRecipes" */ = {
			isa = XCConfigurationList;
			buildConfigurations = (
				9A271C7D2761815400677292 /* Debug */,
				9A271C7E2761815400677292 /* Release */,
			);
			defaultConfigurationIsVisible = 0;
			defaultConfigurationName = Release;
		};
/* End XCConfigurationList section */
	};
	rootObject = 9A271C662761815200677292 /* Project object */;
}
